
Microsoft Visual Studio Solution File, Format Version 12.00
# Visual Studio Version 17
VisualStudioVersion = 17.9.34728.123
MinimumVisualStudioVersion = 10.0.40219.1
Project("{FAE04EC0-301F-11D3-BF4B-00C04F79EFBC}") = "Course platform", "Course platform\Course platform.csproj", "{D2CCC147-0C2F-4756-9CC2-A01A577AF417}"
EndProject
Global
	GlobalSection(SolutionConfigurationPlatforms) = preSolution
		Debug|Any CPU = Debug|Any CPU
		Release|Any CPU = Release|Any CPU
	EndGlobalSection
	GlobalSection(ProjectConfigurationPlatforms) = postSolution
		{D2CCC147-0C2F-4756-9CC2-A01A577AF417}.Debug|Any CPU.ActiveCfg = Debug|Any CPU
		{D2CCC147-0C2F-4756-9CC2-A01A577AF417}.Debug|Any CPU.Build.0 = Debug|Any CPU
		{D2CCC147-0C2F-4756-9CC2-A01A577AF417}.Release|Any CPU.ActiveCfg = Release|Any CPU
		{D2CCC147-0C2F-4756-9CC2-A01A577AF417}.Release|Any CPU.Build.0 = Release|Any CPU
	EndGlobalSection
	GlobalSection(SolutionProperties) = preSolution
		HideSolutionNode = FALSE
	EndGlobalSection
	GlobalSection(ExtensibilityGlobals) = postSolution
		SolutionGuid = {AF518AD4-8ED0-46EC-AD98-C7B2982C9CAA}
	EndGlobalSection
EndGlobal
